<Solution>
  <Project Path="./src/ZeroSerializer.csproj" />
  <Project Path="./tests/ZeroSerializer.Tests.csproj" />
  <Project Path="./sandbox/ZeroSerializer.Sandbox.csproj" />
  <Project Path="./benchmark/ZeroSerializer.Benchmark.csproj" />
  <Project Path="./integration/ZeroSerializer.IntegrationTests.csproj" />
</Solution>
